
Microsoft Visual Studio Solution File, Format Version 12.00
# Visual Studio Version 16
VisualStudioVersion = 16.0.30406.217
MinimumVisualStudioVersion = 10.0.40219.1
Project("{FAE04EC0-301F-11D3-BF4B-00C04F79EFBC}") = "MessageInABottle", "MessageInABottle\MessageInABottle.csproj", "{15F64B6B-07F3-43A7-997F-4D4537222129}"
EndProject
Global
	GlobalSection(SolutionConfigurationPlatforms) = preSolution
		Debug|Any CPU = Debug|Any CPU
		Release|Any CPU = Release|Any CPU
	EndGlobalSection
	GlobalSection(ProjectConfigurationPlatforms) = postSolution
		{15F64B6B-07F3-43A7-997F-4D4537222129}.Debug|Any CPU.ActiveCfg = Debug|Any CPU
		{15F64B6B-07F3-43A7-997F-4D4537222129}.Debug|Any CPU.Build.0 = Debug|Any CPU
		{15F64B6B-07F3-43A7-997F-4D4537222129}.Release|Any CPU.ActiveCfg = Release|Any CPU
		{15F64B6B-07F3-43A7-997F-4D4537222129}.Release|Any CPU.Build.0 = Release|Any CPU
	EndGlobalSection
	GlobalSection(SolutionProperties) = preSolution
		HideSolutionNode = FALSE
	EndGlobalSection
	GlobalSection(ExtensibilityGlobals) = postSolution
		SolutionGuid = {264B9A16-6313-4BB6-991B-957EE4D0489F}
	EndGlobalSection
EndGlobal
